
Microsoft Visual Studio Solution File, Format Version 12.00
# Visual Studio Version 17
VisualStudioVersion = 17.0.32014.148
MinimumVisualStudioVersion = 10.0.40219.1
Project("{9A19103F-16F7-4668-BE54-9A1E7A4F7556}") = "SomeCarApp", "SomeCarApp\SomeCarApp.csproj", "{C203DE6F-DD39-4D8E-8A3B-1AB4CB79B409}"
EndProject
Project("{9A19103F-16F7-4668-BE54-9A1E7A4F7556}") = "SomeCarApp.Commands", "SomeCarApp.Commands\SomeCarApp.Commands.csproj", "{54A9CF39-4D31-48AF-A76D-CAE11DB2BDDC}"
EndProject
Project("{9A19103F-16F7-4668-BE54-9A1E7A4F7556}") = "SomeCarApp.Queries", "SomeCarApp.Queries\SomeCarApp.Queries.csproj", "{37C65396-9497-410C-A05E-ADB289657BC0}"
EndProject
Project("{9A19103F-16F7-4668-BE54-9A1E7A4F7556}") = "SomeCarApp.Domain", "SomeCarApp.Domain\SomeCarApp.Domain.csproj", "{EA6B98D2-42B2-487A-AC5C-56344C23B124}"
EndProject
Project("{9A19103F-16F7-4668-BE54-9A1E7A4F7556}") = "SomeCarApp.Infrastructure", "SomeCarApp.Infrastructure\SomeCarApp.Infrastructure.csproj", "{470220AD-C5D6-4456-AE84-C1E407EBD746}"
EndProject
Project("{2150E333-8FDC-42A3-9474-1A3956D46DE8}") = "Application", "Application", "{0247E4EE-B939-4AF9-A962-2578A048B731}"
EndProject
Project("{2150E333-8FDC-42A3-9474-1A3956D46DE8}") = "Domain", "Domain", "{74A6748E-5D77-4717-A714-3E97DCA43CFC}"
EndProject
Project("{2150E333-8FDC-42A3-9474-1A3956D46DE8}") = "Infrastructure", "Infrastructure", "{63F7CF2E-890A-437F-A4A3-9A386983E093}"
EndProject
Project("{E53339B2-1760-4266-BCC7-CA923CBCF16C}") = "docker-compose", "docker-compose.dcproj", "{50F32B64-88DB-4CA9-8972-B2644C837113}"
EndProject
Global
	GlobalSection(SolutionConfigurationPlatforms) = preSolution
		Debug|Any CPU = Debug|Any CPU
		Release|Any CPU = Release|Any CPU
	EndGlobalSection
	GlobalSection(ProjectConfigurationPlatforms) = postSolution
		{C203DE6F-DD39-4D8E-8A3B-1AB4CB79B409}.Debug|Any CPU.ActiveCfg = Debug|Any CPU
		{C203DE6F-DD39-4D8E-8A3B-1AB4CB79B409}.Debug|Any CPU.Build.0 = Debug|Any CPU
		{C203DE6F-DD39-4D8E-8A3B-1AB4CB79B409}.Release|Any CPU.ActiveCfg = Release|Any CPU
		{C203DE6F-DD39-4D8E-8A3B-1AB4CB79B409}.Release|Any CPU.Build.0 = Release|Any CPU
		{54A9CF39-4D31-48AF-A76D-CAE11DB2BDDC}.Debug|Any CPU.ActiveCfg = Debug|Any CPU
		{54A9CF39-4D31-48AF-A76D-CAE11DB2BDDC}.Debug|Any CPU.Build.0 = Debug|Any CPU
		{54A9CF39-4D31-48AF-A76D-CAE11DB2BDDC}.Release|Any CPU.ActiveCfg = Release|Any CPU
		{54A9CF39-4D31-48AF-A76D-CAE11DB2BDDC}.Release|Any CPU.Build.0 = Release|Any CPU
		{37C65396-9497-410C-A05E-ADB289657BC0}.Debug|Any CPU.ActiveCfg = Debug|Any CPU
		{37C65396-9497-410C-A05E-ADB289657BC0}.Debug|Any CPU.Build.0 = Debug|Any CPU
		{37C65396-9497-410C-A05E-ADB289657BC0}.Release|Any CPU.ActiveCfg = Release|Any CPU
		{37C65396-9497-410C-A05E-ADB289657BC0}.Release|Any CPU.Build.0 = Release|Any CPU
		{EA6B98D2-42B2-487A-AC5C-56344C23B124}.Debug|Any CPU.ActiveCfg = Debug|Any CPU
		{EA6B98D2-42B2-487A-AC5C-56344C23B124}.Debug|Any CPU.Build.0 = Debug|Any CPU
		{EA6B98D2-42B2-487A-AC5C-56344C23B124}.Release|Any CPU.ActiveCfg = Release|Any CPU
		{EA6B98D2-42B2-487A-AC5C-56344C23B124}.Release|Any CPU.Build.0 = Release|Any CPU
		{470220AD-C5D6-4456-AE84-C1E407EBD746}.Debug|Any CPU.ActiveCfg = Debug|Any CPU
		{470220AD-C5D6-4456-AE84-C1E407EBD746}.Debug|Any CPU.Build.0 = Debug|Any CPU
		{470220AD-C5D6-4456-AE84-C1E407EBD746}.Release|Any CPU.ActiveCfg = Release|Any CPU
		{470220AD-C5D6-4456-AE84-C1E407EBD746}.Release|Any CPU.Build.0 = Release|Any CPU
		{50F32B64-88DB-4CA9-8972-B2644C837113}.Debug|Any CPU.ActiveCfg = Debug|Any CPU
		{50F32B64-88DB-4CA9-8972-B2644C837113}.Debug|Any CPU.Build.0 = Debug|Any CPU
		{50F32B64-88DB-4CA9-8972-B2644C837113}.Release|Any CPU.ActiveCfg = Release|Any CPU
		{50F32B64-88DB-4CA9-8972-B2644C837113}.Release|Any CPU.Build.0 = Release|Any CPU
	EndGlobalSection
	GlobalSection(SolutionProperties) = preSolution
		HideSolutionNode = FALSE
	EndGlobalSection
	GlobalSection(NestedProjects) = preSolution
		{C203DE6F-DD39-4D8E-8A3B-1AB4CB79B409} = {0247E4EE-B939-4AF9-A962-2578A048B731}
		{54A9CF39-4D31-48AF-A76D-CAE11DB2BDDC} = {0247E4EE-B939-4AF9-A962-2578A048B731}
		{37C65396-9497-410C-A05E-ADB289657BC0} = {0247E4EE-B939-4AF9-A962-2578A048B731}
		{EA6B98D2-42B2-487A-AC5C-56344C23B124} = {74A6748E-5D77-4717-A714-3E97DCA43CFC}
		{470220AD-C5D6-4456-AE84-C1E407EBD746} = {63F7CF2E-890A-437F-A4A3-9A386983E093}
	EndGlobalSection
	GlobalSection(ExtensibilityGlobals) = postSolution
		SolutionGuid = {ED3424A3-1551-4EBC-9319-3F7412E8C475}
	EndGlobalSection
EndGlobal
